
Microsoft Visual Studio Solution File, Format Version 12.00
# Visual Studio Version 16
VisualStudioVersion = 16.0.31729.503
MinimumVisualStudioVersion = 10.0.40219.1
Project("{FAE04EC0-301F-11D3-BF4B-00C04F79EFBC}") = "Task-1", "Task-1\Task-1.csproj", "{26AD3736-D6C8-47DC-B832-EF45E1D61C17}"
EndProject
Global
	GlobalSection(SolutionConfigurationPlatforms) = preSolution
		Debug|Any CPU = Debug|Any CPU
		Release|Any CPU = Release|Any CPU
	EndGlobalSection
	GlobalSection(ProjectConfigurationPlatforms) = postSolution
		{26AD3736-D6C8-47DC-B832-EF45E1D61C17}.Debug|Any CPU.ActiveCfg = Debug|Any CPU
		{26AD3736-D6C8-47DC-B832-EF45E1D61C17}.Debug|Any CPU.Build.0 = Debug|Any CPU
		{26AD3736-D6C8-47DC-B832-EF45E1D61C17}.Release|Any CPU.ActiveCfg = Release|Any CPU
		{26AD3736-D6C8-47DC-B832-EF45E1D61C17}.Release|Any CPU.Build.0 = Release|Any CPU
	EndGlobalSection
	GlobalSection(SolutionProperties) = preSolution
		HideSolutionNode = FALSE
	EndGlobalSection
	GlobalSection(ExtensibilityGlobals) = postSolution
		SolutionGuid = {2CA8F857-70AB-49E3-B799-A550A31AC3AA}
	EndGlobalSection
EndGlobal
