
Microsoft Visual Studio Solution File, Format Version 12.00
# Visual Studio Version 16
VisualStudioVersion = 16.0.31829.152
MinimumVisualStudioVersion = 10.0.40219.1
Project("{FAE04EC0-301F-11D3-BF4B-00C04F79EFBC}") = "Task-1", "Task-1\Task-1.csproj", "{C8F094A1-7614-459E-8E8F-BBB98BB56FB3}"
EndProject
Global
	GlobalSection(SolutionConfigurationPlatforms) = preSolution
		Debug|Any CPU = Debug|Any CPU
		Release|Any CPU = Release|Any CPU
	EndGlobalSection
	GlobalSection(ProjectConfigurationPlatforms) = postSolution
		{C8F094A1-7614-459E-8E8F-BBB98BB56FB3}.Debug|Any CPU.ActiveCfg = Debug|Any CPU
		{C8F094A1-7614-459E-8E8F-BBB98BB56FB3}.Debug|Any CPU.Build.0 = Debug|Any CPU
		{C8F094A1-7614-459E-8E8F-BBB98BB56FB3}.Release|Any CPU.ActiveCfg = Release|Any CPU
		{C8F094A1-7614-459E-8E8F-BBB98BB56FB3}.Release|Any CPU.Build.0 = Release|Any CPU
	EndGlobalSection
	GlobalSection(SolutionProperties) = preSolution
		HideSolutionNode = FALSE
	EndGlobalSection
	GlobalSection(ExtensibilityGlobals) = postSolution
		SolutionGuid = {ADD6620C-C32B-4DF6-9E7E-AD0170D30C93}
	EndGlobalSection
EndGlobal
